
Microsoft Visual Studio Solution File, Format Version 12.00
# Visual Studio Version 17
VisualStudioVersion = 17.9.34622.214
MinimumVisualStudioVersion = 10.0.40219.1
Project("{FAE04EC0-301F-11D3-BF4B-00C04F79EFBC}") = "CA_24_04_ODEV", "CA_24_04_ODEV\CA_24_04_ODEV.csproj", "{C29FB288-F2F9-42C9-81A2-9E71287C900F}"
EndProject
Global
	GlobalSection(SolutionConfigurationPlatforms) = preSolution
		Debug|Any CPU = Debug|Any CPU
		Release|Any CPU = Release|Any CPU
	EndGlobalSection
	GlobalSection(ProjectConfigurationPlatforms) = postSolution
		{C29FB288-F2F9-42C9-81A2-9E71287C900F}.Debug|Any CPU.ActiveCfg = Debug|Any CPU
		{C29FB288-F2F9-42C9-81A2-9E71287C900F}.Debug|Any CPU.Build.0 = Debug|Any CPU
		{C29FB288-F2F9-42C9-81A2-9E71287C900F}.Release|Any CPU.ActiveCfg = Release|Any CPU
		{C29FB288-F2F9-42C9-81A2-9E71287C900F}.Release|Any CPU.Build.0 = Release|Any CPU
	EndGlobalSection
	GlobalSection(SolutionProperties) = preSolution
		HideSolutionNode = FALSE
	EndGlobalSection
	GlobalSection(ExtensibilityGlobals) = postSolution
		SolutionGuid = {92AF9E86-CD00-4ECD-B3E8-24B54A7A091C}
	EndGlobalSection
EndGlobal
